
Microsoft Visual Studio Solution File, Format Version 12.00
# Visual Studio 15
VisualStudioVersion = 15.0.27703.2018
MinimumVisualStudioVersion = 10.0.40219.1
Project("{FAE04EC0-301F-11D3-BF4B-00C04F79EFBC}") = "MarcassinLight", "MarcassinLight\MarcassinLight.csproj", "{E3571BDC-49DE-4C65-A5CF-6485E0B957E2}"
EndProject
Project("{FAE04EC0-301F-11D3-BF4B-00C04F79EFBC}") = "MarcassinLightBLL", "MarcassinLightBLL\MarcassinLightBLL.csproj", "{A4166A08-2860-498F-A801-DB31C2FE8456}"
EndProject
Project("{FAE04EC0-301F-11D3-BF4B-00C04F79EFBC}") = "MarcassinLightBO", "MarcassinLightBO\MarcassinLightBO.csproj", "{3417408F-43FA-43E6-9890-866481054B26}"
EndProject
Project("{FAE04EC0-301F-11D3-BF4B-00C04F79EFBC}") = "MarcassinLightDAL", "MarcassinLightDAL\MarcassinLightDAL.csproj", "{28255515-2AEF-4618-85BE-78EC368B0840}"
EndProject
Global
	GlobalSection(SolutionConfigurationPlatforms) = preSolution
		Debug|Any CPU = Debug|Any CPU
		Release|Any CPU = Release|Any CPU
	EndGlobalSection
	GlobalSection(ProjectConfigurationPlatforms) = postSolution
		{E3571BDC-49DE-4C65-A5CF-6485E0B957E2}.Debug|Any CPU.ActiveCfg = Debug|Any CPU
		{E3571BDC-49DE-4C65-A5CF-6485E0B957E2}.Debug|Any CPU.Build.0 = Debug|Any CPU
		{E3571BDC-49DE-4C65-A5CF-6485E0B957E2}.Release|Any CPU.ActiveCfg = Release|Any CPU
		{E3571BDC-49DE-4C65-A5CF-6485E0B957E2}.Release|Any CPU.Build.0 = Release|Any CPU
		{A4166A08-2860-498F-A801-DB31C2FE8456}.Debug|Any CPU.ActiveCfg = Debug|Any CPU
		{A4166A08-2860-498F-A801-DB31C2FE8456}.Debug|Any CPU.Build.0 = Debug|Any CPU
		{A4166A08-2860-498F-A801-DB31C2FE8456}.Release|Any CPU.ActiveCfg = Release|Any CPU
		{A4166A08-2860-498F-A801-DB31C2FE8456}.Release|Any CPU.Build.0 = Release|Any CPU
		{3417408F-43FA-43E6-9890-866481054B26}.Debug|Any CPU.ActiveCfg = Debug|Any CPU
		{3417408F-43FA-43E6-9890-866481054B26}.Debug|Any CPU.Build.0 = Debug|Any CPU
		{3417408F-43FA-43E6-9890-866481054B26}.Release|Any CPU.ActiveCfg = Release|Any CPU
		{3417408F-43FA-43E6-9890-866481054B26}.Release|Any CPU.Build.0 = Release|Any CPU
		{28255515-2AEF-4618-85BE-78EC368B0840}.Debug|Any CPU.ActiveCfg = Debug|Any CPU
		{28255515-2AEF-4618-85BE-78EC368B0840}.Debug|Any CPU.Build.0 = Debug|Any CPU
		{28255515-2AEF-4618-85BE-78EC368B0840}.Release|Any CPU.ActiveCfg = Release|Any CPU
		{28255515-2AEF-4618-85BE-78EC368B0840}.Release|Any CPU.Build.0 = Release|Any CPU
	EndGlobalSection
	GlobalSection(SolutionProperties) = preSolution
		HideSolutionNode = FALSE
	EndGlobalSection
	GlobalSection(ExtensibilityGlobals) = postSolution
		SolutionGuid = {7C176102-18DD-41D1-884C-EC1F77E7F945}
	EndGlobalSection
EndGlobal
